
Microsoft Visual Studio Solution File, Format Version 12.00
# Visual Studio Version 17
VisualStudioVersion = 17.8.34309.116
MinimumVisualStudioVersion = 10.0.40219.1
Project("{9A19103F-16F7-4668-BE54-9A1E7A4F7556}") = "GSProSkyTrakPlusConnector", "GSProSkyTrakPlusConnector.csproj", "{64F8DC25-DA5D-4811-949B-6CF4711FCF18}"
EndProject
Global
	GlobalSection(SolutionConfigurationPlatforms) = preSolution
		Debug|Any CPU = Debug|Any CPU
		Release|Any CPU = Release|Any CPU
	EndGlobalSection
	GlobalSection(ProjectConfigurationPlatforms) = postSolution
		{64F8DC25-DA5D-4811-949B-6CF4711FCF18}.Debug|Any CPU.ActiveCfg = Debug|Any CPU
		{64F8DC25-DA5D-4811-949B-6CF4711FCF18}.Debug|Any CPU.Build.0 = Debug|Any CPU
		{64F8DC25-DA5D-4811-949B-6CF4711FCF18}.Release|Any CPU.ActiveCfg = Release|Any CPU
		{64F8DC25-DA5D-4811-949B-6CF4711FCF18}.Release|Any CPU.Build.0 = Release|Any CPU
	EndGlobalSection
	GlobalSection(SolutionProperties) = preSolution
		HideSolutionNode = FALSE
	EndGlobalSection
	GlobalSection(ExtensibilityGlobals) = postSolution
		SolutionGuid = {951BE14C-E0D2-4153-9037-AE81867545FD}
	EndGlobalSection
EndGlobal
